
Microsoft Visual Studio Solution File, Format Version 12.00
# Visual Studio Version 17
VisualStudioVersion = 17.8.34330.188
MinimumVisualStudioVersion = 10.0.40219.1
Project("{FAE04EC0-301F-11D3-BF4B-00C04F79EFBC}") = "Calculator", "Calculator\Calculator.csproj", "{53E7DA88-27B3-41BF-99DF-DCB8521F1FE4}"
EndProject
Global
	GlobalSection(SolutionConfigurationPlatforms) = preSolution
		Debug|Any CPU = Debug|Any CPU
		Release|Any CPU = Release|Any CPU
	EndGlobalSection
	GlobalSection(ProjectConfigurationPlatforms) = postSolution
		{53E7DA88-27B3-41BF-99DF-DCB8521F1FE4}.Debug|Any CPU.ActiveCfg = Debug|Any CPU
		{53E7DA88-27B3-41BF-99DF-DCB8521F1FE4}.Debug|Any CPU.Build.0 = Debug|Any CPU
		{53E7DA88-27B3-41BF-99DF-DCB8521F1FE4}.Release|Any CPU.ActiveCfg = Release|Any CPU
		{53E7DA88-27B3-41BF-99DF-DCB8521F1FE4}.Release|Any CPU.Build.0 = Release|Any CPU
	EndGlobalSection
	GlobalSection(SolutionProperties) = preSolution
		HideSolutionNode = FALSE
	EndGlobalSection
	GlobalSection(ExtensibilityGlobals) = postSolution
		SolutionGuid = {32980DC5-48C6-49FE-B99C-360AFB66FB00}
	EndGlobalSection
EndGlobal
